{
  "requires": true,
  "lockfileVersion": 1,
  "dependencies": {
    "@chenfengyuan/create-vue-component": {
      "version": "1.1.0",
      "resolved": "https://registry.npmjs.org/@chenfengyuan/create-vue-component/-/create-vue-component-1.1.0.tgz",
      "integrity": "sha512-TW/HVptQa/3Hms1FZPln2UbWuQudUKbbKnEGhApjA/GMIfQ41Lt3SRaLwSEkOJozVIbXllAA5RAFF9zTqeIsqg==",
      "requires": {
        "is-vue-component": "^1.0.0"
      }
    },
    "@chenfengyuan/vue-carousel": {
      "version": "1.0.6",
      "resolved": "https://registry.npmjs.org/@chenfengyuan/vue-carousel/-/vue-carousel-1.0.6.tgz",
      "integrity": "sha512-2i8JzZcAQ/P0w4KA4piozO9BIWtUxw4mdSIPjPHuKKDI01NH6/9AvUmBIONzZG3WWrabui2VOWirvwi57pXv/g==",
      "requires": {
        "@chenfengyuan/create-vue-component": "^1.1.0"
      }
    },
    "axios": {
      "version": "0.21.1",
      "resolved": "https://registry.npmjs.org/axios/-/axios-0.21.1.tgz",
      "integrity": "sha512-dKQiRHxGD9PPRIUNIWvZhPTPpl1rf/OxTYKsqKUDjBwYylTvV7SjSHJb9ratfyzM6wCdLCOYLzs73qpg5c4iGA==",
      "requires": {
        "follow-redirects": "^1.10.0"
      }
    },
    "de-indent": {
      "version": "1.0.2",
      "resolved": "https://registry.npmjs.org/de-indent/-/de-indent-1.0.2.tgz",
      "integrity": "sha1-sgOOhG3DO6pXlhKNCAS0VbjB4h0="
    },
    "follow-redirects": {
      "version": "1.13.1",
      "resolved": "https://registry.npmjs.org/follow-redirects/-/follow-redirects-1.13.1.tgz",
      "integrity": "sha512-SSG5xmZh1mkPGyKzjZP8zLjltIfpW32Y5QpdNJyjcfGxK3qo3NDDkZOZSFiGn1A6SclQxY9GzEwAHQ3dmYRWpg=="
    },
    "he": {
      "version": "1.2.0",
      "resolved": "https://registry.npmjs.org/he/-/he-1.2.0.tgz",
      "integrity": "sha512-F/1DnUGPopORZi0ni+CvrCgHQ5FyEAHRLSApuYWMmrbSwoN2Mn/7k+Gl38gJnR7yyDZk6WLXwiGod1JOWNDKGw=="
    },
    "is-non-null-object": {
      "version": "1.0.0",
      "resolved": "https://registry.npmjs.org/is-non-null-object/-/is-non-null-object-1.0.0.tgz",
      "integrity": "sha512-MYBGKRSoNifYx3aoV+TNrUieiAFkdZLXCz5OoiPpArtQv9WWiDwgMXZMeC8bPN7I0CsYpgZxg3C4wjljqggn8w=="
    },
    "is-vue-component": {
      "version": "1.0.0",
      "resolved": "https://registry.npmjs.org/is-vue-component/-/is-vue-component-1.0.0.tgz",
      "integrity": "sha512-frTAznlMCFMghK3mn262vQwPacdac/RqIdI7yzvQ9kiaktUIzocQ7xNt0xOj6C5Q61uHJgzQsScwmY8MwG4/sA==",
      "requires": {
        "is-non-null-object": "^1.0.0"
      }
    },
    "vue": {
      "version": "2.6.12",
      "resolved": "https://registry.npmjs.org/vue/-/vue-2.6.12.tgz",
      "integrity": "sha512-uhmLFETqPPNyuLLbsKz6ioJ4q7AZHzD8ZVFNATNyICSZouqP2Sz0rotWQC8UNBF6VGSCs5abnKJoStA6JbCbfg=="
    },
    "vue-router": {
      "version": "3.4.9",
      "resolved": "https://registry.npmjs.org/vue-router/-/vue-router-3.4.9.tgz",
      "integrity": "sha512-CGAKWN44RqXW06oC+u4mPgHLQQi2t6vLD/JbGRDAXm0YpMv0bgpKuU5bBd7AvMgfTz9kXVRIWKHqRwGEb8xFkA=="
    },
    "vue-template-compiler": {
      "version": "2.6.12",
      "resolved": "https://registry.npmjs.org/vue-template-compiler/-/vue-template-compiler-2.6.12.tgz",
      "integrity": "sha512-OzzZ52zS41YUbkCBfdXShQTe69j1gQDZ9HIX8miuC9C3rBCk9wIRjLiZZLrmX9V+Ftq/YEyv1JaVr5Y/hNtByg==",
      "requires": {
        "de-indent": "^1.0.2",
        "he": "^1.1.0"
      }
    },
    "vueperslides": {
      "version": "2.12.1",
      "resolved": "https://registry.npmjs.org/vueperslides/-/vueperslides-2.12.1.tgz",
      "integrity": "sha512-XStW/eBRnjDEtNHj+47vcQ1gwDAjzKldnmQw1hegJPpeY2rd1OQsE6g2SG+2TsUBV+WfEklOXWJ+fPU8eLTemw=="
    }
  }
}
